// !$*UTF8*$!
{
	archiveVersion = 1;
	classes = {
	};
	objectVersion = 77;
	objects = {

/* Begin PBXBuildFile section */
		0939B61F739AE93CE4391B1C /* UploadManager.swift in Sources */ = {isa = PBXBuildFile; fileRef = EB6D39F2F9B0C7D47D7E95B6 /* UploadManager.swift */; };
		11E4C513869EEC6C4A70C894 /* RecordingsView.swift in Sources */ = {isa = PBXBuildFile; fileRef = FC45EFF90BD191B69F08EBEE /* RecordingsView.swift */; };
		15DE9E2ECDDDA6E709224764 /* ShareExtension.appex in Embed Foundation Extensions */ = {isa = PBXBuildFile; fileRef = 8ECA199F1603A700AA64E4B7 /* ShareExtension.appex */; settings = {ATTRIBUTES = (RemoveHeadersOnCopy, ); }; };
		18CD8A9BE957B760EFE5A95A /* APIModels.swift in Sources */ = {isa = PBXBuildFile; fileRef = 144B2A526C5C4B7159F1E790 /* APIModels.swift */; };
		246CC966C083E8ED39AE42F3 /* LocalRecordingStore.swift in Sources */ = {isa = PBXBuildFile; fileRef = 80DB60C39D9C032BFF25EEBB /* LocalRecordingStore.swift */; };
		2C3951955B7D4839EE47C3A3 /* ConnectivityMonitor.swift in Sources */ = {isa = PBXBuildFile; fileRef = 9473F2EDA8B9B833CFC97148 /* ConnectivityMonitor.swift */; };
		345F90C3D1AF9D9C0622A9F2 /* Design.swift in Sources */ = {isa = PBXBuildFile; fileRef = C3BAA80E0A12E8D81EB44936 /* Design.swift */; };
		362571B11A211D89E07BB815 /* ShareViewController.swift in Sources */ = {isa = PBXBuildFile; fileRef = CCA7E6AC528B348BFD3A8FDE /* ShareViewController.swift */; };
		3656662F6F9EE2AFB6DE2311 /* ShareImportInbox.swift in Sources */ = {isa = PBXBuildFile; fileRef = 0CB0737D5DC024E1E1550166 /* ShareImportInbox.swift */; };
		404BDD9E67C4F827F6F89127 /* MemoryGardenApp.swift in Sources */ = {isa = PBXBuildFile; fileRef = C1557895A675C8EA2663ABA3 /* MemoryGardenApp.swift */; };
		4A3697D43BFDA65F2EB788FF /* AudioPlayer.swift in Sources */ = {isa = PBXBuildFile; fileRef = DF1A6E96BE21A6AC18DC7584 /* AudioPlayer.swift */; };
		4B29F6A29A326CE70D1A33B9 /* AskView.swift in Sources */ = {isa = PBXBuildFile; fileRef = 1A4B0E84A521F0B43AF38D35 /* AskView.swift */; };
		57E91DCA4176EA58A7341263 /* ShareImportInbox.swift in Sources */ = {isa = PBXBuildFile; fileRef = 0CB0737D5DC024E1E1550166 /* ShareImportInbox.swift */; };
		59B45129FB0EBAA609867D16 /* TodayView.swift in Sources */ = {isa = PBXBuildFile; fileRef = D0EFB3EDD0F33142C47F841D /* TodayView.swift */; };
		5E954BB2FDDAB87C02950154 /* AudioRecorder.swift in Sources */ = {isa = PBXBuildFile; fileRef = 9935609027BB55D4A8D65B67 /* AudioRecorder.swift */; };
		68A8A83F1BBEAE40E812037C /* AppModel.swift in Sources */ = {isa = PBXBuildFile; fileRef = 83C1E08382790ECA7C96781B /* AppModel.swift */; };
		948BB9FB76912EDBCB71F6FC /* APIClient.swift in Sources */ = {isa = PBXBuildFile; fileRef = 872E6C68F05123C41A8A7708 /* APIClient.swift */; };
		94F5A646A6919CB6CF0A1A94 /* Assets.xcassets in Resources */ = {isa = PBXBuildFile; fileRef = 6A170983429934256899811B /* Assets.xcassets */; };
		9BAFB84B8163A73FC0A1F345 /* RecordView.swift in Sources */ = {isa = PBXBuildFile; fileRef = 9442D77C24985168181AC8E6 /* RecordView.swift */; };
		A59BB1B58B31089A96FACEB4 /* LocalAudioValidator.swift in Sources */ = {isa = PBXBuildFile; fileRef = 6ED496C9B0D75AA8A210A693 /* LocalAudioValidator.swift */; };
		A868219DCFD721FCCDED1F49 /* SettingsView.swift in Sources */ = {isa = PBXBuildFile; fileRef = 16E6F14337B034EF65F55C60 /* SettingsView.swift */; };
		AACBA7CE3133A1912ADC92E1 /* MemoryGardenTests.swift in Sources */ = {isa = PBXBuildFile; fileRef = 3D02754D51E59660E260EF76 /* MemoryGardenTests.swift */; };
		B2D3119E56CD1CB554599B71 /* MeetingsView.swift in Sources */ = {isa = PBXBuildFile; fileRef = 0D46C318F2D89B72C273D4AA /* MeetingsView.swift */; };
		C44C912A10F72E9E7480A63D /* KeychainStore.swift in Sources */ = {isa = PBXBuildFile; fileRef = 0BF87740B918414C470E70AD /* KeychainStore.swift */; };
		FBA6B901404A1275B787D504 /* MemoryGardenUITests.swift in Sources */ = {isa = PBXBuildFile; fileRef = 3A83BCDB08D245336FF85132 /* MemoryGardenUITests.swift */; };
/* End PBXBuildFile section */

/* Begin PBXContainerItemProxy section */
		543C7D1C3A193A9FDF5D275E /* PBXContainerItemProxy */ = {
			isa = PBXContainerItemProxy;
			containerPortal = CD16B7DD2E30BB6BEEDB588C /* Project object */;
			proxyType = 1;
			remoteGlobalIDString = DAA7605E5CDBC921F9ED6AE7;
			remoteInfo = MemoryGarden;
		};
		577BCE576AC37CE0B7309920 /* PBXContainerItemProxy */ = {
			isa = PBXContainerItemProxy;
			containerPortal = CD16B7DD2E30BB6BEEDB588C /* Project object */;
			proxyType = 1;
			remoteGlobalIDString = DAA7605E5CDBC921F9ED6AE7;
			remoteInfo = MemoryGarden;
		};
		8C90F71D09AFA4185D538AD2 /* PBXContainerItemProxy */ = {
			isa = PBXContainerItemProxy;
			containerPortal = CD16B7DD2E30BB6BEEDB588C /* Project object */;
			proxyType = 1;
			remoteGlobalIDString = 270CFEAD8DC48774D9041D48;
			remoteInfo = ShareExtension;
		};
/* End PBXContainerItemProxy section */

/* Begin PBXCopyFilesBuildPhase section */
		79DA2D55B73B1A5C3E24EB27 /* Embed Foundation Extensions */ = {
			isa = PBXCopyFilesBuildPhase;
			buildActionMask = 2147483647;
			dstPath = "";
			dstSubfolderSpec = 13;
			files = (
				15DE9E2ECDDDA6E709224764 /* ShareExtension.appex in Embed Foundation Extensions */,
			);
			name = "Embed Foundation Extensions";
			runOnlyForDeploymentPostprocessing = 0;
		};
/* End PBXCopyFilesBuildPhase section */

/* Begin PBXFileReference section */
		0BF87740B918414C470E70AD /* KeychainStore.swift */ = {isa = PBXFileReference; lastKnownFileType = sourcecode.swift; path = KeychainStore.swift; sourceTree = "<group>"; };
		0CB0737D5DC024E1E1550166 /* ShareImportInbox.swift */ = {isa = PBXFileReference; lastKnownFileType = sourcecode.swift; path = ShareImportInbox.swift; sourceTree = "<group>"; };
		0D46C318F2D89B72C273D4AA /* MeetingsView.swift */ = {isa = PBXFileReference; lastKnownFileType = sourcecode.swift; path = MeetingsView.swift; sourceTree = "<group>"; };
		1224197A0C6A21555CC4BD79 /* MemoryGarden.app */ = {isa = PBXFileReference; includeInIndex = 0; lastKnownFileType = wrapper.application; path = MemoryGarden.app; sourceTree = BUILT_PRODUCTS_DIR; };
		144B2A526C5C4B7159F1E790 /* APIModels.swift */ = {isa = PBXFileReference; lastKnownFileType = sourcecode.swift; path = APIModels.swift; sourceTree = "<group>"; };
		16E6F14337B034EF65F55C60 /* SettingsView.swift */ = {isa = PBXFileReference; lastKnownFileType = sourcecode.swift; path = SettingsView.swift; sourceTree = "<group>"; };
		1A4B0E84A521F0B43AF38D35 /* AskView.swift */ = {isa = PBXFileReference; lastKnownFileType = sourcecode.swift; path = AskView.swift; sourceTree = "<group>"; };
		3A83BCDB08D245336FF85132 /* MemoryGardenUITests.swift */ = {isa = PBXFileReference; lastKnownFileType = sourcecode.swift; path = MemoryGardenUITests.swift; sourceTree = "<group>"; };
		3D02754D51E59660E260EF76 /* MemoryGardenTests.swift */ = {isa = PBXFileReference; lastKnownFileType = sourcecode.swift; path = MemoryGardenTests.swift; sourceTree = "<group>"; };
		6A170983429934256899811B /* Assets.xcassets */ = {isa = PBXFileReference; lastKnownFileType = folder.assetcatalog; path = Assets.xcassets; sourceTree = "<group>"; };
		6ED496C9B0D75AA8A210A693 /* LocalAudioValidator.swift */ = {isa = PBXFileReference; lastKnownFileType = sourcecode.swift; path = LocalAudioValidator.swift; sourceTree = "<group>"; };
		80DB60C39D9C032BFF25EEBB /* LocalRecordingStore.swift */ = {isa = PBXFileReference; lastKnownFileType = sourcecode.swift; path = LocalRecordingStore.swift; sourceTree = "<group>"; };
		83C1E08382790ECA7C96781B /* AppModel.swift */ = {isa = PBXFileReference; lastKnownFileType = sourcecode.swift; path = AppModel.swift; sourceTree = "<group>"; };
		872E6C68F05123C41A8A7708 /* APIClient.swift */ = {isa = PBXFileReference; lastKnownFileType = sourcecode.swift; path = APIClient.swift; sourceTree = "<group>"; };
		8ECA199F1603A700AA64E4B7 /* ShareExtension.appex */ = {isa = PBXFileReference; includeInIndex = 0; lastKnownFileType = "wrapper.app-extension"; path = ShareExtension.appex; sourceTree = BUILT_PRODUCTS_DIR; };
		9442D77C24985168181AC8E6 /* RecordView.swift */ = {isa = PBXFileReference; lastKnownFileType = sourcecode.swift; path = RecordView.swift; sourceTree = "<group>"; };
		9473F2EDA8B9B833CFC97148 /* ConnectivityMonitor.swift */ = {isa = PBXFileReference; lastKnownFileType = sourcecode.swift; path = ConnectivityMonitor.swift; sourceTree = "<group>"; };
		9935609027BB55D4A8D65B67 /* AudioRecorder.swift */ = {isa = PBXFileReference; lastKnownFileType = sourcecode.swift; path = AudioRecorder.swift; sourceTree = "<group>"; };
		A8258ACA4132836A62A50705 /* MemoryGardenUITests.xctest */ = {isa = PBXFileReference; includeInIndex = 0; lastKnownFileType = wrapper.cfbundle; path = MemoryGardenUITests.xctest; sourceTree = BUILT_PRODUCTS_DIR; };
		B2F58B7B321F77F3FA8E9A9F /* MemoryGardenTests.xctest */ = {isa = PBXFileReference; includeInIndex = 0; lastKnownFileType = wrapper.cfbundle; path = MemoryGardenTests.xctest; sourceTree = BUILT_PRODUCTS_DIR; };
		C1557895A675C8EA2663ABA3 /* MemoryGardenApp.swift */ = {isa = PBXFileReference; lastKnownFileType = sourcecode.swift; path = MemoryGardenApp.swift; sourceTree = "<group>"; };
		C3BAA80E0A12E8D81EB44936 /* Design.swift */ = {isa = PBXFileReference; lastKnownFileType = sourcecode.swift; path = Design.swift; sourceTree = "<group>"; };
		C8AD5308AD8178DC0B861859 /* MemoryGarden.entitlements */ = {isa = PBXFileReference; lastKnownFileType = text.plist.entitlements; path = MemoryGarden.entitlements; sourceTree = "<group>"; };
		CCA7E6AC528B348BFD3A8FDE /* ShareViewController.swift */ = {isa = PBXFileReference; lastKnownFileType = sourcecode.swift; path = ShareViewController.swift; sourceTree = "<group>"; };
		CE4C8B9C952F91D21A7B03F1 /* Debug.xcconfig */ = {isa = PBXFileReference; lastKnownFileType = text.xcconfig; path = Debug.xcconfig; sourceTree = "<group>"; };
		D0EFB3EDD0F33142C47F841D /* TodayView.swift */ = {isa = PBXFileReference; lastKnownFileType = sourcecode.swift; path = TodayView.swift; sourceTree = "<group>"; };
		D35606DCB807A47AC8649CEA /* Release.xcconfig */ = {isa = PBXFileReference; lastKnownFileType = text.xcconfig; path = Release.xcconfig; sourceTree = "<group>"; };
		D75ECD03D58FB0F9882E457C /* ShareExtension.entitlements */ = {isa = PBXFileReference; lastKnownFileType = text.plist.entitlements; path = ShareExtension.entitlements; sourceTree = "<group>"; };
		DF1A6E96BE21A6AC18DC7584 /* AudioPlayer.swift */ = {isa = PBXFileReference; lastKnownFileType = sourcecode.swift; path = AudioPlayer.swift; sourceTree = "<group>"; };
		EB6D39F2F9B0C7D47D7E95B6 /* UploadManager.swift */ = {isa = PBXFileReference; lastKnownFileType = sourcecode.swift; path = UploadManager.swift; sourceTree = "<group>"; };
		F75AF752E086935172E674D1 /* Info.plist */ = {isa = PBXFileReference; lastKnownFileType = text.plist; path = Info.plist; sourceTree = "<group>"; };
		FC45EFF90BD191B69F08EBEE /* RecordingsView.swift */ = {isa = PBXFileReference; lastKnownFileType = sourcecode.swift; path = RecordingsView.swift; sourceTree = "<group>"; };
		FE656FD46A67770A9FED1216 /* Info.plist */ = {isa = PBXFileReference; lastKnownFileType = text.plist; path = Info.plist; sourceTree = "<group>"; };
/* End PBXFileReference section */

/* Begin PBXGroup section */
		09D5055F1EED2D012582252A /* Shared */ = {
			isa = PBXGroup;
			children = (
				0CB0737D5DC024E1E1550166 /* ShareImportInbox.swift */,
			);
			path = Shared;
			sourceTree = "<group>";
		};
		24AC800A0CCCD13DB4CD19F7 /* Today */ = {
			isa = PBXGroup;
			children = (
				D0EFB3EDD0F33142C47F841D /* TodayView.swift */,
			);
			path = Today;
			sourceTree = "<group>";
		};
		270E77F9CB6C015F6AB21791 /* Recordings */ = {
			isa = PBXGroup;
			children = (
				FC45EFF90BD191B69F08EBEE /* RecordingsView.swift */,
			);
			path = Recordings;
			sourceTree = "<group>";
		};
		2E246070299C6F80913E9A1C /* Services */ = {
			isa = PBXGroup;
			children = (
				872E6C68F05123C41A8A7708 /* APIClient.swift */,
				DF1A6E96BE21A6AC18DC7584 /* AudioPlayer.swift */,
				9935609027BB55D4A8D65B67 /* AudioRecorder.swift */,
				9473F2EDA8B9B833CFC97148 /* ConnectivityMonitor.swift */,
				0BF87740B918414C470E70AD /* KeychainStore.swift */,
				6ED496C9B0D75AA8A210A693 /* LocalAudioValidator.swift */,
				80DB60C39D9C032BFF25EEBB /* LocalRecordingStore.swift */,
				EB6D39F2F9B0C7D47D7E95B6 /* UploadManager.swift */,
			);
			path = Services;
			sourceTree = "<group>";
		};
		418CCC9F2844039CF9A6CFF7 /* MemoryGardenUITests */ = {
			isa = PBXGroup;
			children = (
				3A83BCDB08D245336FF85132 /* MemoryGardenUITests.swift */,
			);
			path = MemoryGardenUITests;
			sourceTree = "<group>";
		};
		4A82602DBEBA3668EFA3815B /* Products */ = {
			isa = PBXGroup;
			children = (
				1224197A0C6A21555CC4BD79 /* MemoryGarden.app */,
				B2F58B7B321F77F3FA8E9A9F /* MemoryGardenTests.xctest */,
				A8258ACA4132836A62A50705 /* MemoryGardenUITests.xctest */,
				8ECA199F1603A700AA64E4B7 /* ShareExtension.appex */,
			);
			name = Products;
			sourceTree = "<group>";
		};
		708AE71B6B5DC02AAF7EE304 /* MemoryGardenTests */ = {
			isa = PBXGroup;
			children = (
				3D02754D51E59660E260EF76 /* MemoryGardenTests.swift */,
			);
			path = MemoryGardenTests;
			sourceTree = "<group>";
		};
		7F355A79B75462B995E4A4EF /* Models */ = {
			isa = PBXGroup;
			children = (
				144B2A526C5C4B7159F1E790 /* APIModels.swift */,
			);
			path = Models;
			sourceTree = "<group>";
		};
		8F6CD32FD1C7AF385C562198 /* Record */ = {
			isa = PBXGroup;
			children = (
				9442D77C24985168181AC8E6 /* RecordView.swift */,
			);
			path = Record;
			sourceTree = "<group>";
		};
		91A72EAB363A364E95DC2A87 /* Components */ = {
			isa = PBXGroup;
			children = (
				C3BAA80E0A12E8D81EB44936 /* Design.swift */,
			);
			path = Components;
			sourceTree = "<group>";
		};
		96BF37666D8ED83655018984 /* MemoryGarden */ = {
			isa = PBXGroup;
			children = (
				AF865AF0BC82F05C42CE83BE /* App */,
				91A72EAB363A364E95DC2A87 /* Components */,
				F12D6E44AED21F3346DA060D /* Features */,
				7F355A79B75462B995E4A4EF /* Models */,
				EDA4A9723A2AAD47AFE721EE /* Resources */,
				2E246070299C6F80913E9A1C /* Services */,
			);
			path = MemoryGarden;
			sourceTree = "<group>";
		};
		A73DB68ABFB35346A440CC67 /* Ask */ = {
			isa = PBXGroup;
			children = (
				1A4B0E84A521F0B43AF38D35 /* AskView.swift */,
			);
			path = Ask;
			sourceTree = "<group>";
		};
		AF865AF0BC82F05C42CE83BE /* App */ = {
			isa = PBXGroup;
			children = (
				83C1E08382790ECA7C96781B /* AppModel.swift */,
				C1557895A675C8EA2663ABA3 /* MemoryGardenApp.swift */,
			);
			path = App;
			sourceTree = "<group>";
		};
		C0323011C71F65A3B31CF599 /* ShareExtension */ = {
			isa = PBXGroup;
			children = (
				FE656FD46A67770A9FED1216 /* Info.plist */,
				D75ECD03D58FB0F9882E457C /* ShareExtension.entitlements */,
				CCA7E6AC528B348BFD3A8FDE /* ShareViewController.swift */,
			);
			path = ShareExtension;
			sourceTree = "<group>";
		};
		D3C107D7BE9A5D4EE897CEE8 /* Config */ = {
			isa = PBXGroup;
			children = (
				CE4C8B9C952F91D21A7B03F1 /* Debug.xcconfig */,
				D35606DCB807A47AC8649CEA /* Release.xcconfig */,
			);
			path = Config;
			sourceTree = "<group>";
		};
		EC3870099F8E465E47609B57 = {
			isa = PBXGroup;
			children = (
				D3C107D7BE9A5D4EE897CEE8 /* Config */,
				96BF37666D8ED83655018984 /* MemoryGarden */,
				708AE71B6B5DC02AAF7EE304 /* MemoryGardenTests */,
				418CCC9F2844039CF9A6CFF7 /* MemoryGardenUITests */,
				09D5055F1EED2D012582252A /* Shared */,
				C0323011C71F65A3B31CF599 /* ShareExtension */,
				4A82602DBEBA3668EFA3815B /* Products */,
			);
			sourceTree = "<group>";
		};
		EDA4A9723A2AAD47AFE721EE /* Resources */ = {
			isa = PBXGroup;
			children = (
				6A170983429934256899811B /* Assets.xcassets */,
				F75AF752E086935172E674D1 /* Info.plist */,
				C8AD5308AD8178DC0B861859 /* MemoryGarden.entitlements */,
			);
			path = Resources;
			sourceTree = "<group>";
		};
		F1251CE4B00ABFD0203466FF /* Meetings */ = {
			isa = PBXGroup;
			children = (
				0D46C318F2D89B72C273D4AA /* MeetingsView.swift */,
			);
			path = Meetings;
			sourceTree = "<group>";
		};
		F12D6E44AED21F3346DA060D /* Features */ = {
			isa = PBXGroup;
			children = (
				A73DB68ABFB35346A440CC67 /* Ask */,
				F1251CE4B00ABFD0203466FF /* Meetings */,
				8F6CD32FD1C7AF385C562198 /* Record */,
				270E77F9CB6C015F6AB21791 /* Recordings */,
				FB802B0E7FF257AD4AE06053 /* Settings */,
				24AC800A0CCCD13DB4CD19F7 /* Today */,
			);
			path = Features;
			sourceTree = "<group>";
		};
		FB802B0E7FF257AD4AE06053 /* Settings */ = {
			isa = PBXGroup;
			children = (
				16E6F14337B034EF65F55C60 /* SettingsView.swift */,
			);
			path = Settings;
			sourceTree = "<group>";
		};
/* End PBXGroup section */

/* Begin PBXNativeTarget section */
		270CFEAD8DC48774D9041D48 /* ShareExtension */ = {
			isa = PBXNativeTarget;
			buildConfigurationList = 169C019F79B4B3F54D1A8268 /* Build configuration list for PBXNativeTarget "ShareExtension" */;
			buildPhases = (
				F6CF1DDC4403BB0FADA43E6D /* Sources */,
			);
			buildRules = (
			);
			dependencies = (
			);
			name = ShareExtension;
			packageProductDependencies = (
			);
			productName = ShareExtension;
			productReference = 8ECA199F1603A700AA64E4B7 /* ShareExtension.appex */;
			productType = "com.apple.product-type.app-extension";
		};
		87F8541DDEAA41DCB0BFA95C /* MemoryGardenUITests */ = {
			isa = PBXNativeTarget;
			buildConfigurationList = 0647C88A13315F1A595110BA /* Build configuration list for PBXNativeTarget "MemoryGardenUITests" */;
			buildPhases = (
				1AB1D4B641338D78BEF0EC8B /* Sources */,
			);
			buildRules = (
			);
			dependencies = (
				6BC482BEEF8B44E94097EAF9 /* PBXTargetDependency */,
			);
			name = MemoryGardenUITests;
			packageProductDependencies = (
			);
			productName = MemoryGardenUITests;
			productReference = A8258ACA4132836A62A50705 /* MemoryGardenUITests.xctest */;
			productType = "com.apple.product-type.bundle.ui-testing";
		};
		C95D80B1C2D38C0160BF1134 /* MemoryGardenTests */ = {
			isa = PBXNativeTarget;
			buildConfigurationList = CA5FE15CB7DBF071735E3203 /* Build configuration list for PBXNativeTarget "MemoryGardenTests" */;
			buildPhases = (
				A3AB94CF995915024BCB468E /* Sources */,
			);
			buildRules = (
			);
			dependencies = (
				FF2B8F3D6CCEAE9FDC2B335E /* PBXTargetDependency */,
			);
			name = MemoryGardenTests;
			packageProductDependencies = (
			);
			productName = MemoryGardenTests;
			productReference = B2F58B7B321F77F3FA8E9A9F /* MemoryGardenTests.xctest */;
			productType = "com.apple.product-type.bundle.unit-test";
		};
		DAA7605E5CDBC921F9ED6AE7 /* MemoryGarden */ = {
			isa = PBXNativeTarget;
			buildConfigurationList = 1D69E910E8C2AE0E229B8EF0 /* Build configuration list for PBXNativeTarget "MemoryGarden" */;
			buildPhases = (
				F1E91A2D8E504F5F10ABB7A9 /* Sources */,
				A37A390A018764740AEDE5F5 /* Resources */,
				79DA2D55B73B1A5C3E24EB27 /* Embed Foundation Extensions */,
			);
			buildRules = (
			);
			dependencies = (
				3F7C067A049F95CAD5B907AA /* PBXTargetDependency */,
			);
			name = MemoryGarden;
			packageProductDependencies = (
			);
			productName = MemoryGarden;
			productReference = 1224197A0C6A21555CC4BD79 /* MemoryGarden.app */;
			productType = "com.apple.product-type.application";
		};
/* End PBXNativeTarget section */

/* Begin PBXProject section */
		CD16B7DD2E30BB6BEEDB588C /* Project object */ = {
			isa = PBXProject;
			attributes = {
				BuildIndependentTargetsInParallel = YES;
				LastUpgradeCheck = 1430;
				TargetAttributes = {
					270CFEAD8DC48774D9041D48 = {
						DevelopmentTeam = 9PHS626XUN;
						ProvisioningStyle = Automatic;
					};
					87F8541DDEAA41DCB0BFA95C = {
						DevelopmentTeam = 9PHS626XUN;
						TestTargetID = DAA7605E5CDBC921F9ED6AE7;
					};
					C95D80B1C2D38C0160BF1134 = {
						DevelopmentTeam = 9PHS626XUN;
					};
					DAA7605E5CDBC921F9ED6AE7 = {
						DevelopmentTeam = 9PHS626XUN;
						ProvisioningStyle = Automatic;
					};
				};
			};
			buildConfigurationList = 612A35F62E497AE7249E10A6 /* Build configuration list for PBXProject "MemoryGarden" */;
			compatibilityVersion = "Xcode 14.0";
			developmentRegion = en;
			hasScannedForEncodings = 0;
			knownRegions = (
				Base,
				en,
			);
			mainGroup = EC3870099F8E465E47609B57;
			minimizedProjectReferenceProxies = 1;
			preferredProjectObjectVersion = 77;
			projectDirPath = "";
			projectRoot = "";
			targets = (
				DAA7605E5CDBC921F9ED6AE7 /* MemoryGarden */,
				C95D80B1C2D38C0160BF1134 /* MemoryGardenTests */,
				87F8541DDEAA41DCB0BFA95C /* MemoryGardenUITests */,
				270CFEAD8DC48774D9041D48 /* ShareExtension */,
			);
		};
/* End PBXProject section */

/* Begin PBXResourcesBuildPhase section */
		A37A390A018764740AEDE5F5 /* Resources */ = {
			isa = PBXResourcesBuildPhase;
			buildActionMask = 2147483647;
			files = (
				94F5A646A6919CB6CF0A1A94 /* Assets.xcassets in Resources */,
			);
			runOnlyForDeploymentPostprocessing = 0;
		};
/* End PBXResourcesBuildPhase section */

/* Begin PBXSourcesBuildPhase section */
		1AB1D4B641338D78BEF0EC8B /* Sources */ = {
			isa = PBXSourcesBuildPhase;
			buildActionMask = 2147483647;
			files = (
				FBA6B901404A1275B787D504 /* MemoryGardenUITests.swift in Sources */,
			);
			runOnlyForDeploymentPostprocessing = 0;
		};
		A3AB94CF995915024BCB468E /* Sources */ = {
			isa = PBXSourcesBuildPhase;
			buildActionMask = 2147483647;
			files = (
				AACBA7CE3133A1912ADC92E1 /* MemoryGardenTests.swift in Sources */,
			);
			runOnlyForDeploymentPostprocessing = 0;
		};
		F1E91A2D8E504F5F10ABB7A9 /* Sources */ = {
			isa = PBXSourcesBuildPhase;
			buildActionMask = 2147483647;
			files = (
				948BB9FB76912EDBCB71F6FC /* APIClient.swift in Sources */,
				18CD8A9BE957B760EFE5A95A /* APIModels.swift in Sources */,
				68A8A83F1BBEAE40E812037C /* AppModel.swift in Sources */,
				4B29F6A29A326CE70D1A33B9 /* AskView.swift in Sources */,
				4A3697D43BFDA65F2EB788FF /* AudioPlayer.swift in Sources */,
				5E954BB2FDDAB87C02950154 /* AudioRecorder.swift in Sources */,
				2C3951955B7D4839EE47C3A3 /* ConnectivityMonitor.swift in Sources */,
				345F90C3D1AF9D9C0622A9F2 /* Design.swift in Sources */,
				C44C912A10F72E9E7480A63D /* KeychainStore.swift in Sources */,
				A59BB1B58B31089A96FACEB4 /* LocalAudioValidator.swift in Sources */,
				246CC966C083E8ED39AE42F3 /* LocalRecordingStore.swift in Sources */,
				B2D3119E56CD1CB554599B71 /* MeetingsView.swift in Sources */,
				404BDD9E67C4F827F6F89127 /* MemoryGardenApp.swift in Sources */,
				9BAFB84B8163A73FC0A1F345 /* RecordView.swift in Sources */,
				11E4C513869EEC6C4A70C894 /* RecordingsView.swift in Sources */,
				A868219DCFD721FCCDED1F49 /* SettingsView.swift in Sources */,
				57E91DCA4176EA58A7341263 /* ShareImportInbox.swift in Sources */,
				59B45129FB0EBAA609867D16 /* TodayView.swift in Sources */,
				0939B61F739AE93CE4391B1C /* UploadManager.swift in Sources */,
			);
			runOnlyForDeploymentPostprocessing = 0;
		};
		F6CF1DDC4403BB0FADA43E6D /* Sources */ = {
			isa = PBXSourcesBuildPhase;
			buildActionMask = 2147483647;
			files = (
				3656662F6F9EE2AFB6DE2311 /* ShareImportInbox.swift in Sources */,
				362571B11A211D89E07BB815 /* ShareViewController.swift in Sources */,
			);
			runOnlyForDeploymentPostprocessing = 0;
		};
/* End PBXSourcesBuildPhase section */

/* Begin PBXTargetDependency section */
		3F7C067A049F95CAD5B907AA /* PBXTargetDependency */ = {
			isa = PBXTargetDependency;
			target = 270CFEAD8DC48774D9041D48 /* ShareExtension */;
			targetProxy = 8C90F71D09AFA4185D538AD2 /* PBXContainerItemProxy */;
		};
		6BC482BEEF8B44E94097EAF9 /* PBXTargetDependency */ = {
			isa = PBXTargetDependency;
			target = DAA7605E5CDBC921F9ED6AE7 /* MemoryGarden */;
			targetProxy = 543C7D1C3A193A9FDF5D275E /* PBXContainerItemProxy */;
		};
		FF2B8F3D6CCEAE9FDC2B335E /* PBXTargetDependency */ = {
			isa = PBXTargetDependency;
			target = DAA7605E5CDBC921F9ED6AE7 /* MemoryGarden */;
			targetProxy = 577BCE576AC37CE0B7309920 /* PBXContainerItemProxy */;
		};
/* End PBXTargetDependency section */

/* Begin XCBuildConfiguration section */
		0E2A9FFAD5700BD3A34401A7 /* Debug */ = {
			isa = XCBuildConfiguration;
			buildSettings = {
				BUNDLE_LOADER = "$(TEST_HOST)";
				DEVELOPMENT_TEAM = 9PHS626XUN;
				GENERATE_INFOPLIST_FILE = YES;
				IPHONEOS_DEPLOYMENT_TARGET = 17.0;
				LD_RUNPATH_SEARCH_PATHS = (
					"$(inherited)",
					"@executable_path/Frameworks",
					"@loader_path/Frameworks",
				);
				PRODUCT_BUNDLE_IDENTIFIER = com.memorygarden.ios.uitests;
				SDKROOT = iphoneos;
				SWIFT_VERSION = 6.0;
				TARGETED_DEVICE_FAMILY = "1,2";
				TEST_TARGET_NAME = MemoryGarden;
			};
			name = Debug;
		};
		3760888127B8A4B1C026D774 /* Release */ = {
			isa = XCBuildConfiguration;
			buildSettings = {
				ALWAYS_SEARCH_USER_PATHS = NO;
				CLANG_ANALYZER_NONNULL = YES;
				CLANG_ANALYZER_NUMBER_OBJECT_CONVERSION = YES_AGGRESSIVE;
				CLANG_CXX_LANGUAGE_STANDARD = "gnu++14";
				CLANG_CXX_LIBRARY = "libc++";
				CLANG_ENABLE_MODULES = YES;
				CLANG_ENABLE_OBJC_ARC = YES;
				CLANG_ENABLE_OBJC_WEAK = YES;
				CLANG_WARN_BLOCK_CAPTURE_AUTORELEASING = YES;
				CLANG_WARN_BOOL_CONVERSION = YES;
				CLANG_WARN_COMMA = YES;
				CLANG_WARN_CONSTANT_CONVERSION = YES;
				CLANG_WARN_DEPRECATED_OBJC_IMPLEMENTATIONS = YES;
				CLANG_WARN_DIRECT_OBJC_ISA_USAGE = YES_ERROR;
				CLANG_WARN_DOCUMENTATION_COMMENTS = YES;
				CLANG_WARN_EMPTY_BODY = YES;
				CLANG_WARN_ENUM_CONVERSION = YES;
				CLANG_WARN_INFINITE_RECURSION = YES;
				CLANG_WARN_INT_CONVERSION = YES;
				CLANG_WARN_NON_LITERAL_NULL_CONVERSION = YES;
				CLANG_WARN_OBJC_IMPLICIT_RETAIN_SELF = YES;
				CLANG_WARN_OBJC_LITERAL_CONVERSION = YES;
				CLANG_WARN_OBJC_ROOT_CLASS = YES_ERROR;
				CLANG_WARN_QUOTED_INCLUDE_IN_FRAMEWORK_HEADER = YES;
				CLANG_WARN_RANGE_LOOP_ANALYSIS = YES;
				CLANG_WARN_STRICT_PROTOTYPES = YES;
				CLANG_WARN_SUSPICIOUS_MOVE = YES;
				CLANG_WARN_UNGUARDED_AVAILABILITY = YES_AGGRESSIVE;
				CLANG_WARN_UNREACHABLE_CODE = YES;
				CLANG_WARN__DUPLICATE_METHOD_MATCH = YES;
				COPY_PHASE_STRIP = NO;
				DEBUG_INFORMATION_FORMAT = "dwarf-with-dsym";
				ENABLE_NS_ASSERTIONS = NO;
				ENABLE_STRICT_OBJC_MSGSEND = YES;
				GCC_C_LANGUAGE_STANDARD = gnu11;
				GCC_NO_COMMON_BLOCKS = YES;
				GCC_WARN_64_TO_32_BIT_CONVERSION = YES;
				GCC_WARN_ABOUT_RETURN_TYPE = YES_ERROR;
				GCC_WARN_UNDECLARED_SELECTOR = YES;
				GCC_WARN_UNINITIALIZED_AUTOS = YES_AGGRESSIVE;
				GCC_WARN_UNUSED_FUNCTION = YES;
				GCC_WARN_UNUSED_VARIABLE = YES;
				IPHONEOS_DEPLOYMENT_TARGET = 17.0;
				MTL_ENABLE_DEBUG_INFO = NO;
				MTL_FAST_MATH = YES;
				PRODUCT_NAME = "$(TARGET_NAME)";
				SDKROOT = iphoneos;
				SWIFT_COMPILATION_MODE = wholemodule;
				SWIFT_OPTIMIZATION_LEVEL = "-O";
				SWIFT_VERSION = 5.0;
			};
			name = Release;
		};
		596EABB5015790BC2FD543FA /* Release */ = {
			isa = XCBuildConfiguration;
			buildSettings = {
				CODE_SIGN_ENTITLEMENTS = ShareExtension/ShareExtension.entitlements;
				CODE_SIGN_STYLE = Automatic;
				DEVELOPMENT_TEAM = 9PHS626XUN;
				INFOPLIST_FILE = ShareExtension/Info.plist;
				IPHONEOS_DEPLOYMENT_TARGET = 17.0;
				LD_RUNPATH_SEARCH_PATHS = (
					"$(inherited)",
					"@executable_path/Frameworks",
					"@executable_path/../../Frameworks",
				);
				PRODUCT_BUNDLE_IDENTIFIER = com.memorygarden.ios.share;
				PRODUCT_NAME = "Noted Share";
				SDKROOT = iphoneos;
				SWIFT_STRICT_CONCURRENCY = complete;
				SWIFT_VERSION = 6.0;
				TARGETED_DEVICE_FAMILY = 1;
			};
			name = Release;
		};
		5ABE3AF5AD5712B17045C74F /* Release */ = {
			isa = XCBuildConfiguration;
			baseConfigurationReference = D35606DCB807A47AC8649CEA /* Release.xcconfig */;
			buildSettings = {
				ASSETCATALOG_COMPILER_APPICON_NAME = AppIcon;
				CODE_SIGN_ENTITLEMENTS = MemoryGarden/Resources/MemoryGarden.entitlements;
				CODE_SIGN_IDENTITY = "iPhone Developer";
				CODE_SIGN_STYLE = Automatic;
				DEVELOPMENT_TEAM = 9PHS626XUN;
				INFOPLIST_FILE = MemoryGarden/Resources/Info.plist;
				IPHONEOS_DEPLOYMENT_TARGET = 17.0;
				LD_RUNPATH_SEARCH_PATHS = (
					"$(inherited)",
					"@executable_path/Frameworks",
				);
				PRODUCT_BUNDLE_IDENTIFIER = com.memorygarden.ios;
				PRODUCT_NAME = MemoryGarden;
				SDKROOT = iphoneos;
				SUPPORTS_MACCATALYST = NO;
				SWIFT_STRICT_CONCURRENCY = complete;
				SWIFT_VERSION = 6.0;
				TARGETED_DEVICE_FAMILY = 1;
			};
			name = Release;
		};
		72DC01233394AAB5A3F1F9BB /* Debug */ = {
			isa = XCBuildConfiguration;
			baseConfigurationReference = CE4C8B9C952F91D21A7B03F1 /* Debug.xcconfig */;
			buildSettings = {
				ASSETCATALOG_COMPILER_APPICON_NAME = AppIcon;
				CODE_SIGN_ENTITLEMENTS = MemoryGarden/Resources/MemoryGarden.entitlements;
				CODE_SIGN_IDENTITY = "iPhone Developer";
				CODE_SIGN_STYLE = Automatic;
				DEVELOPMENT_TEAM = 9PHS626XUN;
				INFOPLIST_FILE = MemoryGarden/Resources/Info.plist;
				IPHONEOS_DEPLOYMENT_TARGET = 17.0;
				LD_RUNPATH_SEARCH_PATHS = (
					"$(inherited)",
					"@executable_path/Frameworks",
				);
				PRODUCT_BUNDLE_IDENTIFIER = com.memorygarden.ios;
				PRODUCT_NAME = MemoryGarden;
				SDKROOT = iphoneos;
				SUPPORTS_MACCATALYST = NO;
				SWIFT_STRICT_CONCURRENCY = complete;
				SWIFT_VERSION = 6.0;
				TARGETED_DEVICE_FAMILY = 1;
			};
			name = Debug;
		};
		8F3CDF4C3228AB80B88EAD14 /* Release */ = {
			isa = XCBuildConfiguration;
			buildSettings = {
				BUNDLE_LOADER = "$(TEST_HOST)";
				DEVELOPMENT_TEAM = 9PHS626XUN;
				GENERATE_INFOPLIST_FILE = YES;
				IPHONEOS_DEPLOYMENT_TARGET = 17.0;
				LD_RUNPATH_SEARCH_PATHS = (
					"$(inherited)",
					"@executable_path/Frameworks",
					"@loader_path/Frameworks",
				);
				PRODUCT_BUNDLE_IDENTIFIER = com.memorygarden.ios.tests;
				SDKROOT = iphoneos;
				SWIFT_VERSION = 6.0;
				TARGETED_DEVICE_FAMILY = "1,2";
				TEST_HOST = "$(BUILT_PRODUCTS_DIR)/MemoryGarden.app/MemoryGarden";
			};
			name = Release;
		};
		968DF239F744AFB467E91622 /* Debug */ = {
			isa = XCBuildConfiguration;
			buildSettings = {
				BUNDLE_LOADER = "$(TEST_HOST)";
				DEVELOPMENT_TEAM = 9PHS626XUN;
				GENERATE_INFOPLIST_FILE = YES;
				IPHONEOS_DEPLOYMENT_TARGET = 17.0;
				LD_RUNPATH_SEARCH_PATHS = (
					"$(inherited)",
					"@executable_path/Frameworks",
					"@loader_path/Frameworks",
				);
				PRODUCT_BUNDLE_IDENTIFIER = com.memorygarden.ios.tests;
				SDKROOT = iphoneos;
				SWIFT_VERSION = 6.0;
				TARGETED_DEVICE_FAMILY = "1,2";
				TEST_HOST = "$(BUILT_PRODUCTS_DIR)/MemoryGarden.app/MemoryGarden";
			};
			name = Debug;
		};
		983CBB51BEAD2534B5B73323 /* Debug */ = {
			isa = XCBuildConfiguration;
			buildSettings = {
				CODE_SIGN_ENTITLEMENTS = ShareExtension/ShareExtension.entitlements;
				CODE_SIGN_STYLE = Automatic;
				DEVELOPMENT_TEAM = 9PHS626XUN;
				INFOPLIST_FILE = ShareExtension/Info.plist;
				IPHONEOS_DEPLOYMENT_TARGET = 17.0;
				LD_RUNPATH_SEARCH_PATHS = (
					"$(inherited)",
					"@executable_path/Frameworks",
					"@executable_path/../../Frameworks",
				);
				PRODUCT_BUNDLE_IDENTIFIER = com.memorygarden.ios.share;
				PRODUCT_NAME = "Noted Share";
				SDKROOT = iphoneos;
				SWIFT_STRICT_CONCURRENCY = complete;
				SWIFT_VERSION = 6.0;
				TARGETED_DEVICE_FAMILY = 1;
			};
			name = Debug;
		};
		AA7194F7A6B5B3ACE3E27E99 /* Debug */ = {
			isa = XCBuildConfiguration;
			buildSettings = {
				ALWAYS_SEARCH_USER_PATHS = NO;
				CLANG_ANALYZER_NONNULL = YES;
				CLANG_ANALYZER_NUMBER_OBJECT_CONVERSION = YES_AGGRESSIVE;
				CLANG_CXX_LANGUAGE_STANDARD = "gnu++14";
				CLANG_CXX_LIBRARY = "libc++";
				CLANG_ENABLE_MODULES = YES;
				CLANG_ENABLE_OBJC_ARC = YES;
				CLANG_ENABLE_OBJC_WEAK = YES;
				CLANG_WARN_BLOCK_CAPTURE_AUTORELEASING = YES;
				CLANG_WARN_BOOL_CONVERSION = YES;
				CLANG_WARN_COMMA = YES;
				CLANG_WARN_CONSTANT_CONVERSION = YES;
				CLANG_WARN_DEPRECATED_OBJC_IMPLEMENTATIONS = YES;
				CLANG_WARN_DIRECT_OBJC_ISA_USAGE = YES_ERROR;
				CLANG_WARN_DOCUMENTATION_COMMENTS = YES;
				CLANG_WARN_EMPTY_BODY = YES;
				CLANG_WARN_ENUM_CONVERSION = YES;
				CLANG_WARN_INFINITE_RECURSION = YES;
				CLANG_WARN_INT_CONVERSION = YES;
				CLANG_WARN_NON_LITERAL_NULL_CONVERSION = YES;
				CLANG_WARN_OBJC_IMPLICIT_RETAIN_SELF = YES;
				CLANG_WARN_OBJC_LITERAL_CONVERSION = YES;
				CLANG_WARN_OBJC_ROOT_CLASS = YES_ERROR;
				CLANG_WARN_QUOTED_INCLUDE_IN_FRAMEWORK_HEADER = YES;
				CLANG_WARN_RANGE_LOOP_ANALYSIS = YES;
				CLANG_WARN_STRICT_PROTOTYPES = YES;
				CLANG_WARN_SUSPICIOUS_MOVE = YES;
				CLANG_WARN_UNGUARDED_AVAILABILITY = YES_AGGRESSIVE;
				CLANG_WARN_UNREACHABLE_CODE = YES;
				CLANG_WARN__DUPLICATE_METHOD_MATCH = YES;
				COPY_PHASE_STRIP = NO;
				DEBUG_INFORMATION_FORMAT = dwarf;
				ENABLE_STRICT_OBJC_MSGSEND = YES;
				ENABLE_TESTABILITY = YES;
				GCC_C_LANGUAGE_STANDARD = gnu11;
				GCC_DYNAMIC_NO_PIC = NO;
				GCC_NO_COMMON_BLOCKS = YES;
				GCC_OPTIMIZATION_LEVEL = 0;
				GCC_PREPROCESSOR_DEFINITIONS = (
					"$(inherited)",
					"DEBUG=1",
				);
				GCC_WARN_64_TO_32_BIT_CONVERSION = YES;
				GCC_WARN_ABOUT_RETURN_TYPE = YES_ERROR;
				GCC_WARN_UNDECLARED_SELECTOR = YES;
				GCC_WARN_UNINITIALIZED_AUTOS = YES_AGGRESSIVE;
				GCC_WARN_UNUSED_FUNCTION = YES;
				GCC_WARN_UNUSED_VARIABLE = YES;
				IPHONEOS_DEPLOYMENT_TARGET = 17.0;
				MTL_ENABLE_DEBUG_INFO = INCLUDE_SOURCE;
				MTL_FAST_MATH = YES;
				ONLY_ACTIVE_ARCH = YES;
				PRODUCT_NAME = "$(TARGET_NAME)";
				SDKROOT = iphoneos;
				SWIFT_ACTIVE_COMPILATION_CONDITIONS = DEBUG;
				SWIFT_OPTIMIZATION_LEVEL = "-Onone";
				SWIFT_VERSION = 5.0;
			};
			name = Debug;
		};
		C3ED1A647C4EF693DC36B6EB /* Release */ = {
			isa = XCBuildConfiguration;
			buildSettings = {
				BUNDLE_LOADER = "$(TEST_HOST)";
				DEVELOPMENT_TEAM = 9PHS626XUN;
				GENERATE_INFOPLIST_FILE = YES;
				IPHONEOS_DEPLOYMENT_TARGET = 17.0;
				LD_RUNPATH_SEARCH_PATHS = (
					"$(inherited)",
					"@executable_path/Frameworks",
					"@loader_path/Frameworks",
				);
				PRODUCT_BUNDLE_IDENTIFIER = com.memorygarden.ios.uitests;
				SDKROOT = iphoneos;
				SWIFT_VERSION = 6.0;
				TARGETED_DEVICE_FAMILY = "1,2";
				TEST_TARGET_NAME = MemoryGarden;
			};
			name = Release;
		};
/* End XCBuildConfiguration section */

/* Begin XCConfigurationList section */
		0647C88A13315F1A595110BA /* Build configuration list for PBXNativeTarget "MemoryGardenUITests" */ = {
			isa = XCConfigurationList;
			buildConfigurations = (
				0E2A9FFAD5700BD3A34401A7 /* Debug */,
				C3ED1A647C4EF693DC36B6EB /* Release */,
			);
			defaultConfigurationIsVisible = 0;
			defaultConfigurationName = Debug;
		};
		169C019F79B4B3F54D1A8268 /* Build configuration list for PBXNativeTarget "ShareExtension" */ = {
			isa = XCConfigurationList;
			buildConfigurations = (
				983CBB51BEAD2534B5B73323 /* Debug */,
				596EABB5015790BC2FD543FA /* Release */,
			);
			defaultConfigurationIsVisible = 0;
			defaultConfigurationName = Debug;
		};
		1D69E910E8C2AE0E229B8EF0 /* Build configuration list for PBXNativeTarget "MemoryGarden" */ = {
			isa = XCConfigurationList;
			buildConfigurations = (
				72DC01233394AAB5A3F1F9BB /* Debug */,
				5ABE3AF5AD5712B17045C74F /* Release */,
			);
			defaultConfigurationIsVisible = 0;
			defaultConfigurationName = Debug;
		};
		612A35F62E497AE7249E10A6 /* Build configuration list for PBXProject "MemoryGarden" */ = {
			isa = XCConfigurationList;
			buildConfigurations = (
				AA7194F7A6B5B3ACE3E27E99 /* Debug */,
				3760888127B8A4B1C026D774 /* Release */,
			);
			defaultConfigurationIsVisible = 0;
			defaultConfigurationName = Debug;
		};
		CA5FE15CB7DBF071735E3203 /* Build configuration list for PBXNativeTarget "MemoryGardenTests" */ = {
			isa = XCConfigurationList;
			buildConfigurations = (
				968DF239F744AFB467E91622 /* Debug */,
				8F3CDF4C3228AB80B88EAD14 /* Release */,
			);
			defaultConfigurationIsVisible = 0;
			defaultConfigurationName = Debug;
		};
/* End XCConfigurationList section */
	};
	rootObject = CD16B7DD2E30BB6BEEDB588C /* Project object */;
}
